
Microsoft Visual Studio Solution File, Format Version 12.00
# Visual Studio Version 17
VisualStudioVersion = 17.8.34408.163
MinimumVisualStudioVersion = 10.0.40219.1
Project("{FAE04EC0-301F-11D3-BF4B-00C04F79EFBC}") = "ConsoleApp19", "ConsoleApp19.csproj", "{224AEB23-E3A2-447A-81D6-11E8A7B6FD19}"
EndProject
Global
	GlobalSection(SolutionConfigurationPlatforms) = preSolution
		Debug|Any CPU = Debug|Any CPU
		Release|Any CPU = Release|Any CPU
	EndGlobalSection
	GlobalSection(ProjectConfigurationPlatforms) = postSolution
		{224AEB23-E3A2-447A-81D6-11E8A7B6FD19}.Debug|Any CPU.ActiveCfg = Debug|Any CPU
		{224AEB23-E3A2-447A-81D6-11E8A7B6FD19}.Debug|Any CPU.Build.0 = Debug|Any CPU
		{224AEB23-E3A2-447A-81D6-11E8A7B6FD19}.Release|Any CPU.ActiveCfg = Release|Any CPU
		{224AEB23-E3A2-447A-81D6-11E8A7B6FD19}.Release|Any CPU.Build.0 = Release|Any CPU
	EndGlobalSection
	GlobalSection(SolutionProperties) = preSolution
		HideSolutionNode = FALSE
	EndGlobalSection
	GlobalSection(ExtensibilityGlobals) = postSolution
		SolutionGuid = {0C6B42D8-F18D-48DD-BEC5-B500B7242EE5}
	EndGlobalSection
EndGlobal
